{
  "dependencies": {
    "connect": {
      "version": "http://localhost:8080/connect/-/connect-2.12.0.tgz",
      "dependencies": {
        "batch": {
          "version": "http://localhost:8080/batch/-/batch-0.5.0.tgz"
        },
        "qs": {
          "version": "http://localhost:8080/qs/-/qs-0.6.6.tgz"
        },
        "cookie-signature": {
          "version": "1.0.1"
        },
        "buffer-crc32": {
          "version": "http://localhost:8080/buffer-crc32/-/buffer-crc32-0.2.1.tgz"
        },
        "cookie": {
          "version": "http://localhost:8080/cookie/-/cookie-0.1.0.tgz"
        },
        "send": {
          "version": "0.1.4",
          "dependencies": {
            "mime": {
              "version": "http://localhost:8080/mime/-/mime-1.2.11.tgz"
            },
            "range-parser": {
              "version": "0.0.4"
            }
          }
        },
        "bytes": {
          "version": "http://localhost:8080/bytes/-/bytes-0.2.1.tgz"
        },
        "fresh": {
          "version": "0.2.0"
        },
        "pause": {
          "version": "0.0.1"
        },
        "uid2": {
          "version": "0.0.3"
        },
        "debug": {
          "version": "http://localhost:8080/debug/-/debug-0.7.4.tgz"
        },
        "methods": {
          "version": "http://localhost:8080/methods/-/methods-0.1.0.tgz"
        },
        "raw-body": {
          "version": "http://localhost:8080/raw-body/-/raw-body-1.1.2.tgz"
        },
        "negotiator": {
          "version": "http://localhost:8080/negotiator/-/negotiator-0.3.0.tgz"
        },
        "multiparty": {
          "version": "http://localhost:8080/multiparty/-/multiparty-2.2.0.tgz",
          "dependencies": {
            "readable-stream": {
              "version": "http://localhost:8080/readable-stream/-/readable-stream-1.1.10.tgz",
              "dependencies": {
                "core-util-is": {
                  "version": "http://localhost:8080/core-util-is/-/core-util-is-1.0.1.tgz"
                },
                "string_decoder": {
                  "version": "http://localhost:8080/string_decoder/-/string_decoder-0.10.24.tgz"
                }
              }
            },
            "stream-counter": {
              "version": "0.2.0"
            }
          }
        }
      }
    }
  }
}
