{
  "meteor": {},
  "dependencies": {
    "basePackages": {
      "headers": {
        "path": ".."
      },
      "SyntaxHighlighter": {}
    },
    "packages": {
      "headers": {
        "path": ".."
      },
      "SyntaxHighlighter": {
        "git": "https://github.com/gadicohen/meteor-SyntaxHighlighter.git",
        "tag": "v3.0.83-8",
        "commit": "e8f17fced482e57bd51669e1f961f48d78ab1aee"
      },
      "inject-initial": {
        "git": "https://github.com/gadicc/meteor-inject-initial.git",
        "tag": "v0.0.1",
        "commit": "29959974a1ff8e79d38572c9cc7464f52ef87d23"
      },
      "sp-marked": {
        "git": "https://bitbucket.org/parhelium/sp-marked",
        "tag": "v0.0.2",
        "commit": "fd044a222eeb4902a62da5839162b3d6dbd477be"
      }
    }
  }
}
